
Microsoft Visual Studio Solution File, Format Version 11.00
# Visual Studio 2010
Project("{FAE04EC0-301F-11D3-BF4B-00C04F79EFBC}") = "EncodingDemo", "EncodingDemo\EncodingDemo.csproj", "{0CE0BC6F-CA18-4D8B-93E8-4B17104A809C}"
EndProject
Global
	GlobalSection(SolutionConfigurationPlatforms) = preSolution
		Debug|Any CPU = Debug|Any CPU
		Release|Any CPU = Release|Any CPU
	EndGlobalSection
	GlobalSection(ProjectConfigurationPlatforms) = postSolution
		{0CE0BC6F-CA18-4D8B-93E8-4B17104A809C}.Debug|Any CPU.ActiveCfg = Debug|Any CPU
		{0CE0BC6F-CA18-4D8B-93E8-4B17104A809C}.Debug|Any CPU.Build.0 = Debug|Any CPU
		{0CE0BC6F-CA18-4D8B-93E8-4B17104A809C}.Release|Any CPU.ActiveCfg = Release|Any CPU
		{0CE0BC6F-CA18-4D8B-93E8-4B17104A809C}.Release|Any CPU.Build.0 = Release|Any CPU
	EndGlobalSection
	GlobalSection(SolutionProperties) = preSolution
		HideSolutionNode = FALSE
	EndGlobalSection
EndGlobal
